github.com/bwmarrin/discordgo v0.21.1 h1:UI2PWwzvn5IFuscYcDc6QB/duhs9MUIjQ4HclcIZisc=
github.com/bwmarrin/discordgo v0.21.1/go.mod h1:c1WtWUGN6nREDmzIpyTp/iD3VYt4Fpx+bVyfBG7JE+M=
github.com/glvr182/appie v0.0.0-20200723174624-ab0366c26045 h1:Mu1JeMbCJfYQj0RvDb1iYFBOby/Et913CHd+4GHf4pE=
github.com/glvr182/appie v0.0.0-20200723174624-ab0366c26045/go.mod h1:FB7vy4dKQn+xkcJT7FF4k0Nr2DYtAxB0DH1PRmmYmx0=
github.com/gorilla/websocket v1.4.0 h1:WDFjx/TMzVgy9VdMMQi2K2Emtwi2QcUQsztZ/zLaH/Q=
github.com/gorilla/websocket v1.4.0/go.mod h1:E7qHFY5m1UJ88s3WnNqhKjPHQ0heANvMoAMk2YaljkQ=
golang.org/x/crypto v0.0.0-20181030102418-4d3f4d9ffa16 h1:y6ce7gCWtnH+m3dCjzQ1PCuwl28DDIc3VNnvY29DlIA=
golang.org/x/crypto v0.0.0-20181030102418-4d3f4d9ffa16/go.mod h1:6SG95UA2DQfeDnfUPMdvaQW0Q7yPrPDi9nlGo2tz2b4=
